github.com/beevik/etree v1.1.0 h1:T0xke/WvNtMoCqgzPhkX2r4rjY3GDZFi+FjpRZY2Jbs=
github.com/beevik/etree v1.1.0/go.mod h1:r8Aw8JqVegEf0w2fDnATrX9VpkMcyFeM0FhwO62wh+A=
github.com/icza/mpq v0.0.0-20170726141842-266342679beb/go.mod h1:iWOw+dZSITjPKFPiCNT7QE+xENOlT/YrBtMYkImipFo=
github.com/icza/mpq v0.0.0-20200521101201-ff3251015c87 h1:J3vsdfseQUvLjGtt8qMe9fq8xyloW/T+tKhdXlj+EK0=
github.com/icza/mpq v0.0.0-20200521101201-ff3251015c87/go.mod h1:iWOw+dZSITjPKFPiCNT7QE+xENOlT/YrBtMYkImipFo=
github.com/icza/s2prot v1.4.1-0.20200717203958-596ad1208d9a h1:uilpaoeLtneAoYOptPJhXB2wcLZwjyACmJFN6aBbqCs=
github.com/icza/s2prot v1.4.1-0.20200717203958-596ad1208d9a/go.mod h1:Aw3BgGOZ83Qkxmz90i22WFCMiDU4oOFT5D3hoDLBl3E=
github.com/icza/s2prot v1.4.1-0.20200728074922-cb6d0c8efb0f h1:ex4ymlsovC91j/begDPdZhChqVE4EPssDBvfRs5BtX0=
github.com/icza/s2prot v1.4.1-0.20200728074922-cb6d0c8efb0f/go.mod h1:Aw3BgGOZ83Qkxmz90i22WFCMiDU4oOFT5D3hoDLBl3E=
